{
  "name": "common",
  "version": "1.0.0",
  "lockfileVersion": 2,
  "requires": true,
  "packages": {
    "": {
      "version": "1.0.0",
      "license": "ISC",
      "dependencies": {
        "joi": "^17.4.2"
      }
    },
    "node_modules/@hapi/hoek": {
      "version": "9.2.1",
      "resolved": "https://pkgs.dev.azure.com/bp-digital/DST-Digital_Cross-Business_Platforms/_packaging/api-contracts/npm/registry/@hapi/hoek/-/hoek-9.2.1.tgz",
      "integrity": "sha1-lVEUKhmAUDdSU2tQUP2Z9KfxOxc=",
      "license": "BSD-3-Clause"
    },
    "node_modules/@hapi/topo": {
      "version": "5.1.0",
      "resolved": "https://pkgs.dev.azure.com/bp-digital/DST-Digital_Cross-Business_Platforms/_packaging/api-contracts/npm/registry/@hapi/topo/-/topo-5.1.0.tgz",
      "integrity": "sha1-3ESOMyxsbjek3AL9hLqNRLmvsBI=",
      "license": "BSD-3-Clause",
      "dependencies": {
        "@hapi/hoek": "^9.0.0"
      }
    },
    "node_modules/@sideway/address": {
      "version": "4.1.2",
      "resolved": "https://pkgs.dev.azure.com/bp-digital/DST-Digital_Cross-Business_Platforms/_packaging/api-contracts/npm/registry/@sideway/address/-/address-4.1.2.tgz",
      "integrity": "sha1-gRuEMzozVznTlpz8Q0c2JoFwytE=",
      "license": "BSD-3-Clause",
      "dependencies": {
        "@hapi/hoek": "^9.0.0"
      }
    },
    "node_modules/@sideway/formula": {
      "version": "3.0.0",
      "resolved": "https://pkgs.dev.azure.com/bp-digital/DST-Digital_Cross-Business_Platforms/_packaging/api-contracts/npm/registry/@sideway/formula/-/formula-3.0.0.tgz",
      "integrity": "sha1-/hWK7jLmvV3oUES+YVvAhHigoTw=",
      "license": "BSD-3-Clause"
    },
    "node_modules/@sideway/pinpoint": {
      "version": "2.0.0",
      "resolved": "https://pkgs.dev.azure.com/bp-digital/DST-Digital_Cross-Business_Platforms/_packaging/api-contracts/npm/registry/@sideway/pinpoint/-/pinpoint-2.0.0.tgz",
      "integrity": "sha1-z/j/rcNyrSn9P3gneusp5jLMcN8=",
      "license": "BSD-3-Clause"
    },
    "node_modules/joi": {
      "version": "17.4.2",
      "resolved": "https://pkgs.dev.azure.com/bp-digital/DST-Digital_Cross-Business_Platforms/_packaging/api-contracts/npm/registry/joi/-/joi-17.4.2.tgz",
      "integrity": "sha1-AvTrXPiOUV5hSDAjk3ncu+KM5/c=",
      "license": "BSD-3-Clause",
      "dependencies": {
        "@hapi/hoek": "^9.0.0",
        "@hapi/topo": "^5.0.0",
        "@sideway/address": "^4.1.0",
        "@sideway/formula": "^3.0.0",
        "@sideway/pinpoint": "^2.0.0"
      }
    }
  },
  "dependencies": {
    "@hapi/hoek": {
      "version": "9.2.1",
      "resolved": "https://pkgs.dev.azure.com/bp-digital/DST-Digital_Cross-Business_Platforms/_packaging/api-contracts/npm/registry/@hapi/hoek/-/hoek-9.2.1.tgz",
      "integrity": "sha1-lVEUKhmAUDdSU2tQUP2Z9KfxOxc="
    },
    "@hapi/topo": {
      "version": "5.1.0",
      "resolved": "https://pkgs.dev.azure.com/bp-digital/DST-Digital_Cross-Business_Platforms/_packaging/api-contracts/npm/registry/@hapi/topo/-/topo-5.1.0.tgz",
      "integrity": "sha1-3ESOMyxsbjek3AL9hLqNRLmvsBI=",
      "requires": {
        "@hapi/hoek": "^9.0.0"
      }
    },
    "@sideway/address": {
      "version": "4.1.2",
      "resolved": "https://pkgs.dev.azure.com/bp-digital/DST-Digital_Cross-Business_Platforms/_packaging/api-contracts/npm/registry/@sideway/address/-/address-4.1.2.tgz",
      "integrity": "sha1-gRuEMzozVznTlpz8Q0c2JoFwytE=",
      "requires": {
        "@hapi/hoek": "^9.0.0"
      }
    },
    "@sideway/formula": {
      "version": "3.0.0",
      "resolved": "https://pkgs.dev.azure.com/bp-digital/DST-Digital_Cross-Business_Platforms/_packaging/api-contracts/npm/registry/@sideway/formula/-/formula-3.0.0.tgz",
      "integrity": "sha1-/hWK7jLmvV3oUES+YVvAhHigoTw="
    },
    "@sideway/pinpoint": {
      "version": "2.0.0",
      "resolved": "https://pkgs.dev.azure.com/bp-digital/DST-Digital_Cross-Business_Platforms/_packaging/api-contracts/npm/registry/@sideway/pinpoint/-/pinpoint-2.0.0.tgz",
      "integrity": "sha1-z/j/rcNyrSn9P3gneusp5jLMcN8="
    },
    "joi": {
      "version": "17.4.2",
      "resolved": "https://pkgs.dev.azure.com/bp-digital/DST-Digital_Cross-Business_Platforms/_packaging/api-contracts/npm/registry/joi/-/joi-17.4.2.tgz",
      "integrity": "sha1-AvTrXPiOUV5hSDAjk3ncu+KM5/c=",
      "requires": {
        "@hapi/hoek": "^9.0.0",
        "@hapi/topo": "^5.0.0",
        "@sideway/address": "^4.1.0",
        "@sideway/formula": "^3.0.0",
        "@sideway/pinpoint": "^2.0.0"
      }
    }
  }
}
